
Microsoft Visual Studio Solution File, Format Version 12.00
# Visual Studio 15
VisualStudioVersion = 15.0.28307.271
MinimumVisualStudioVersion = 10.0.40219.1
Project("{9A19103F-16F7-4668-BE54-9A1E7A4F7556}") = "SRSN.Service", "SRSN.Service\SRSN.Service.csproj", "{35239A00-333B-4F9C-9C8A-32CDCC538991}"
EndProject
Project("{9A19103F-16F7-4668-BE54-9A1E7A4F7556}") = "SRSN.ClientApi", "SRSN.ClientApi\SRSN.ClientApi.csproj", "{A8F895E2-2C2B-4CE0-BF59-2254F8260E43}"
EndProject
Project("{9A19103F-16F7-4668-BE54-9A1E7A4F7556}") = "SRSN.DatabaseManager", "SRSN.DatabaseManager\SRSN.DatabaseManager.csproj", "{28C8EE05-FFFD-49ED-A3D2-08A793C1E134}"
EndProject
Project("{9A19103F-16F7-4668-BE54-9A1E7A4F7556}") = "SRSN.Client_View", "SRSN.Client_View\SRSN.Client_View.csproj", "{226325A6-DEA1-415C-B06B-56522F33472B}"
EndProject
Project("{9A19103F-16F7-4668-BE54-9A1E7A4F7556}") = "SRSN.UserBehavior", "SRSN.UserBehavior\SRSN.UserBehavior.csproj", "{51437806-D719-47A3-B99A-C9A664AD8E95}"
EndProject
Project("{FAE04EC0-301F-11D3-BF4B-00C04F79EFBC}") = "SRSN.UpdateLatLongStore", "SRSN.UpdateLatLongStore\SRSN.UpdateLatLongStore.csproj", "{BF18F08C-0359-4ECE-B67A-7A5ABC08131B}"
EndProject
Global
	GlobalSection(SolutionConfigurationPlatforms) = preSolution
		Debug|Any CPU = Debug|Any CPU
		Release|Any CPU = Release|Any CPU
	EndGlobalSection
	GlobalSection(ProjectConfigurationPlatforms) = postSolution
		{35239A00-333B-4F9C-9C8A-32CDCC538991}.Debug|Any CPU.ActiveCfg = Debug|Any CPU
		{35239A00-333B-4F9C-9C8A-32CDCC538991}.Debug|Any CPU.Build.0 = Debug|Any CPU
		{35239A00-333B-4F9C-9C8A-32CDCC538991}.Release|Any CPU.ActiveCfg = Release|Any CPU
		{35239A00-333B-4F9C-9C8A-32CDCC538991}.Release|Any CPU.Build.0 = Release|Any CPU
		{A8F895E2-2C2B-4CE0-BF59-2254F8260E43}.Debug|Any CPU.ActiveCfg = Debug|Any CPU
		{A8F895E2-2C2B-4CE0-BF59-2254F8260E43}.Debug|Any CPU.Build.0 = Debug|Any CPU
		{A8F895E2-2C2B-4CE0-BF59-2254F8260E43}.Release|Any CPU.ActiveCfg = Release|Any CPU
		{A8F895E2-2C2B-4CE0-BF59-2254F8260E43}.Release|Any CPU.Build.0 = Release|Any CPU
		{28C8EE05-FFFD-49ED-A3D2-08A793C1E134}.Debug|Any CPU.ActiveCfg = Debug|Any CPU
		{28C8EE05-FFFD-49ED-A3D2-08A793C1E134}.Debug|Any CPU.Build.0 = Debug|Any CPU
		{28C8EE05-FFFD-49ED-A3D2-08A793C1E134}.Release|Any CPU.ActiveCfg = Release|Any CPU
		{28C8EE05-FFFD-49ED-A3D2-08A793C1E134}.Release|Any CPU.Build.0 = Release|Any CPU
		{226325A6-DEA1-415C-B06B-56522F33472B}.Debug|Any CPU.ActiveCfg = Debug|Any CPU
		{226325A6-DEA1-415C-B06B-56522F33472B}.Debug|Any CPU.Build.0 = Debug|Any CPU
		{226325A6-DEA1-415C-B06B-56522F33472B}.Release|Any CPU.ActiveCfg = Release|Any CPU
		{226325A6-DEA1-415C-B06B-56522F33472B}.Release|Any CPU.Build.0 = Release|Any CPU
		{51437806-D719-47A3-B99A-C9A664AD8E95}.Debug|Any CPU.ActiveCfg = Debug|Any CPU
		{51437806-D719-47A3-B99A-C9A664AD8E95}.Debug|Any CPU.Build.0 = Debug|Any CPU
		{51437806-D719-47A3-B99A-C9A664AD8E95}.Release|Any CPU.ActiveCfg = Release|Any CPU
		{51437806-D719-47A3-B99A-C9A664AD8E95}.Release|Any CPU.Build.0 = Release|Any CPU
		{BF18F08C-0359-4ECE-B67A-7A5ABC08131B}.Debug|Any CPU.ActiveCfg = Debug|Any CPU
		{BF18F08C-0359-4ECE-B67A-7A5ABC08131B}.Debug|Any CPU.Build.0 = Debug|Any CPU
		{BF18F08C-0359-4ECE-B67A-7A5ABC08131B}.Release|Any CPU.ActiveCfg = Release|Any CPU
		{BF18F08C-0359-4ECE-B67A-7A5ABC08131B}.Release|Any CPU.Build.0 = Release|Any CPU
	EndGlobalSection
	GlobalSection(SolutionProperties) = preSolution
		HideSolutionNode = FALSE
	EndGlobalSection
	GlobalSection(ExtensibilityGlobals) = postSolution
		SolutionGuid = {E605EACF-F494-4BEE-8031-0F83EA828EA9}
	EndGlobalSection
EndGlobal
